
Microsoft Visual Studio Solution File, Format Version 12.00
# Visual Studio 15
VisualStudioVersion = 15.0.28307.572
MinimumVisualStudioVersion = 10.0.40219.1
Project("{FAE04EC0-301F-11D3-BF4B-00C04F79EFBC}") = "Client", "Client\Client.csproj", "{E3E73970-1BEB-45A7-A5F9-FBC369A3D71F}"
EndProject
Global
	GlobalSection(SolutionConfigurationPlatforms) = preSolution
		Debug|Any CPU = Debug|Any CPU
		Release|Any CPU = Release|Any CPU
	EndGlobalSection
	GlobalSection(ProjectConfigurationPlatforms) = postSolution
		{E3E73970-1BEB-45A7-A5F9-FBC369A3D71F}.Debug|Any CPU.ActiveCfg = Debug|Any CPU
		{E3E73970-1BEB-45A7-A5F9-FBC369A3D71F}.Debug|Any CPU.Build.0 = Debug|Any CPU
		{E3E73970-1BEB-45A7-A5F9-FBC369A3D71F}.Release|Any CPU.ActiveCfg = Release|Any CPU
		{E3E73970-1BEB-45A7-A5F9-FBC369A3D71F}.Release|Any CPU.Build.0 = Release|Any CPU
	EndGlobalSection
	GlobalSection(SolutionProperties) = preSolution
		HideSolutionNode = FALSE
	EndGlobalSection
	GlobalSection(ExtensibilityGlobals) = postSolution
		SolutionGuid = {457D1DB2-FFFB-469E-988A-B8E1C0A783A1}
	EndGlobalSection
EndGlobal
